
Microsoft Visual Studio Solution File, Format Version 12.00
# Visual Studio Version 17
VisualStudioVersion = 17.5.33516.290
MinimumVisualStudioVersion = 10.0.40219.1
Project("{FAE04EC0-301F-11D3-BF4B-00C04F79EFBC}") = "ClassLibrary2", "ClassLibrary2\ClassLibrary2.csproj", "{94DCBE2D-0510-4BBB-B0E3-6A1E423F811D}"
EndProject
Global
	GlobalSection(SolutionConfigurationPlatforms) = preSolution
		Debug|Any CPU = Debug|Any CPU
		Release|Any CPU = Release|Any CPU
	EndGlobalSection
	GlobalSection(ProjectConfigurationPlatforms) = postSolution
		{94DCBE2D-0510-4BBB-B0E3-6A1E423F811D}.Debug|Any CPU.ActiveCfg = Debug|Any CPU
		{94DCBE2D-0510-4BBB-B0E3-6A1E423F811D}.Debug|Any CPU.Build.0 = Debug|Any CPU
		{94DCBE2D-0510-4BBB-B0E3-6A1E423F811D}.Release|Any CPU.ActiveCfg = Release|Any CPU
		{94DCBE2D-0510-4BBB-B0E3-6A1E423F811D}.Release|Any CPU.Build.0 = Release|Any CPU
	EndGlobalSection
	GlobalSection(SolutionProperties) = preSolution
		HideSolutionNode = FALSE
	EndGlobalSection
	GlobalSection(ExtensibilityGlobals) = postSolution
		SolutionGuid = {DC17C7F6-EA6B-466D-83F1-655C4BED4BB1}
	EndGlobalSection
EndGlobal
